
Microsoft Visual Studio Solution File, Format Version 12.00
# Visual Studio Version 17
VisualStudioVersion = 17.9.34511.98
MinimumVisualStudioVersion = 10.0.40219.1
Project("{9A19103F-16F7-4668-BE54-9A1E7A4F7556}") = "Orders.Backend", "Orders.Backend\Orders.Backend.csproj", "{D2F01702-D9B8-4C29-B12B-C9E70991E705}"
EndProject
Project("{9A19103F-16F7-4668-BE54-9A1E7A4F7556}") = "Orders.frondEnd", "Orders.frondEnd\Orders.frondEnd.csproj", "{499C4882-3C96-481D-869C-D076827761F6}"
EndProject
Project("{9A19103F-16F7-4668-BE54-9A1E7A4F7556}") = "Orders.Shared", "Orders.Shared\Orders.Shared.csproj", "{B0FEC08E-5BA9-42C5-AB1A-637A70549645}"
EndProject
Project("{9A19103F-16F7-4668-BE54-9A1E7A4F7556}") = "Orders.test", "Orders.test\Orders.test.csproj", "{E91EAB39-1B5B-4807-A34E-C8570F5C7DB6}"
EndProject
Global
	GlobalSection(SolutionConfigurationPlatforms) = preSolution
		Debug|Any CPU = Debug|Any CPU
		Release|Any CPU = Release|Any CPU
	EndGlobalSection
	GlobalSection(ProjectConfigurationPlatforms) = postSolution
		{D2F01702-D9B8-4C29-B12B-C9E70991E705}.Debug|Any CPU.ActiveCfg = Debug|Any CPU
		{D2F01702-D9B8-4C29-B12B-C9E70991E705}.Debug|Any CPU.Build.0 = Debug|Any CPU
		{D2F01702-D9B8-4C29-B12B-C9E70991E705}.Release|Any CPU.ActiveCfg = Release|Any CPU
		{D2F01702-D9B8-4C29-B12B-C9E70991E705}.Release|Any CPU.Build.0 = Release|Any CPU
		{499C4882-3C96-481D-869C-D076827761F6}.Debug|Any CPU.ActiveCfg = Debug|Any CPU
		{499C4882-3C96-481D-869C-D076827761F6}.Debug|Any CPU.Build.0 = Debug|Any CPU
		{499C4882-3C96-481D-869C-D076827761F6}.Release|Any CPU.ActiveCfg = Release|Any CPU
		{499C4882-3C96-481D-869C-D076827761F6}.Release|Any CPU.Build.0 = Release|Any CPU
		{B0FEC08E-5BA9-42C5-AB1A-637A70549645}.Debug|Any CPU.ActiveCfg = Debug|Any CPU
		{B0FEC08E-5BA9-42C5-AB1A-637A70549645}.Debug|Any CPU.Build.0 = Debug|Any CPU
		{B0FEC08E-5BA9-42C5-AB1A-637A70549645}.Release|Any CPU.ActiveCfg = Release|Any CPU
		{B0FEC08E-5BA9-42C5-AB1A-637A70549645}.Release|Any CPU.Build.0 = Release|Any CPU
		{E91EAB39-1B5B-4807-A34E-C8570F5C7DB6}.Debug|Any CPU.ActiveCfg = Debug|Any CPU
		{E91EAB39-1B5B-4807-A34E-C8570F5C7DB6}.Debug|Any CPU.Build.0 = Debug|Any CPU
		{E91EAB39-1B5B-4807-A34E-C8570F5C7DB6}.Release|Any CPU.ActiveCfg = Release|Any CPU
		{E91EAB39-1B5B-4807-A34E-C8570F5C7DB6}.Release|Any CPU.Build.0 = Release|Any CPU
	EndGlobalSection
	GlobalSection(SolutionProperties) = preSolution
		HideSolutionNode = FALSE
	EndGlobalSection
	GlobalSection(ExtensibilityGlobals) = postSolution
		SolutionGuid = {A8E2DDD5-5034-4025-90DB-6B9CC6515999}
	EndGlobalSection
EndGlobal
